// !$*UTF8*$!
{
	archiveVersion = 1;
	classes = {
	};
	objectVersion = 50;
	objects = {

/* Begin PBXBuildFile section */
		CB4851672315B678001C3F52 /* AppDelegate.swift in Sources */ = {isa = PBXBuildFile; fileRef = CB4851662315B678001C3F52 /* AppDelegate.swift */; };
		CB4851692315B678001C3F52 /* ViewController.swift in Sources */ = {isa = PBXBuildFile; fileRef = CB4851682315B678001C3F52 /* ViewController.swift */; };
		CB48516C2315B678001C3F52 /* Main.storyboard in Resources */ = {isa = PBXBuildFile; fileRef = CB48516A2315B678001C3F52 /* Main.storyboard */; };
		CB48516E2315B67B001C3F52 /* Assets.xcassets in Resources */ = {isa = PBXBuildFile; fileRef = CB48516D2315B67B001C3F52 /* Assets.xcassets */; };
		CB4851712315B67B001C3F52 /* LaunchScreen.storyboard in Resources */ = {isa = PBXBuildFile; fileRef = CB48516F2315B67B001C3F52 /* LaunchScreen.storyboard */; };
		CB48517C2315B67B001C3F52 /* JSONLabTests.swift in Sources */ = {isa = PBXBuildFile; fileRef = CB48517B2315B67B001C3F52 /* JSONLabTests.swift */; };
		CB4851872315B67B001C3F52 /* JSONLabUITests.swift in Sources */ = {isa = PBXBuildFile; fileRef = CB4851862315B67B001C3F52 /* JSONLabUITests.swift */; };
/* End PBXBuildFile section */

/* Begin PBXContainerItemProxy section */
		CB4851782315B67B001C3F52 /* PBXContainerItemProxy */ = {
			isa = PBXContainerItemProxy;
			containerPortal = CB48515B2315B678001C3F52 /* Project object */;
			proxyType = 1;
			remoteGlobalIDString = CB4851622315B678001C3F52;
			remoteInfo = JSONLab;
		};
		CB4851832315B67B001C3F52 /* PBXContainerItemProxy */ = {
			isa = PBXContainerItemProxy;
			containerPortal = CB48515B2315B678001C3F52 /* Project object */;
			proxyType = 1;
			remoteGlobalIDString = CB4851622315B678001C3F52;
			remoteInfo = JSONLab;
		};
/* End PBXContainerItemProxy section */

/* Begin PBXFileReference section */
		CB4851632315B678001C3F52 /* JSONLab.app */ = {isa = PBXFileReference; explicitFileType = wrapper.application; includeInIndex = 0; path = JSONLab.app; sourceTree = BUILT_PRODUCTS_DIR; };
		CB4851662315B678001C3F52 /* AppDelegate.swift */ = {isa = PBXFileReference; lastKnownFileType = sourcecode.swift; path = AppDelegate.swift; sourceTree = "<group>"; };
		CB4851682315B678001C3F52 /* ViewController.swift */ = {isa = PBXFileReference; lastKnownFileType = sourcecode.swift; path = ViewController.swift; sourceTree = "<group>"; };
		CB48516B2315B678001C3F52 /* Base */ = {isa = PBXFileReference; lastKnownFileType = file.storyboard; name = Base; path = Base.lproj/Main.storyboard; sourceTree = "<group>"; };
		CB48516D2315B67B001C3F52 /* Assets.xcassets */ = {isa = PBXFileReference; lastKnownFileType = folder.assetcatalog; path = Assets.xcassets; sourceTree = "<group>"; };
		CB4851702315B67B001C3F52 /* Base */ = {isa = PBXFileReference; lastKnownFileType = file.storyboard; name = Base; path = Base.lproj/LaunchScreen.storyboard; sourceTree = "<group>"; };
		CB4851722315B67B001C3F52 /* Info.plist */ = {isa = PBXFileReference; lastKnownFileType = text.plist.xml; path = Info.plist; sourceTree = "<group>"; };
		CB4851772315B67B001C3F52 /* JSONLabTests.xctest */ = {isa = PBXFileReference; explicitFileType = wrapper.cfbundle; includeInIndex = 0; path = JSONLabTests.xctest; sourceTree = BUILT_PRODUCTS_DIR; };
		CB48517B2315B67B001C3F52 /* JSONLabTests.swift */ = {isa = PBXFileReference; lastKnownFileType = sourcecode.swift; path = JSONLabTests.swift; sourceTree = "<group>"; };
		CB48517D2315B67B001C3F52 /* Info.plist */ = {isa = PBXFileReference; lastKnownFileType = text.plist.xml; path = Info.plist; sourceTree = "<group>"; };
		CB4851822315B67B001C3F52 /* JSONLabUITests.xctest */ = {isa = PBXFileReference; explicitFileType = wrapper.cfbundle; includeInIndex = 0; path = JSONLabUITests.xctest; sourceTree = BUILT_PRODUCTS_DIR; };
		CB4851862315B67B001C3F52 /* JSONLabUITests.swift */ = {isa = PBXFileReference; lastKnownFileType = sourcecode.swift; path = JSONLabUITests.swift; sourceTree = "<group>"; };
		CB4851882315B67B001C3F52 /* Info.plist */ = {isa = PBXFileReference; lastKnownFileType = text.plist.xml; path = Info.plist; sourceTree = "<group>"; };
/* End PBXFileReference section */

/* Begin PBXFrameworksBuildPhase section */
		CB4851602315B678001C3F52 /* Frameworks */ = {
			isa = PBXFrameworksBuildPhase;
			buildActionMask = 2147483647;
			files = (
			);
			runOnlyForDeploymentPostprocessing = 0;
		};
		CB4851742315B67B001C3F52 /* Frameworks */ = {
			isa = PBXFrameworksBuildPhase;
			buildActionMask = 2147483647;
			files = (
			);
			runOnlyForDeploymentPostprocessing = 0;
		};
		CB48517F2315B67B001C3F52 /* Frameworks */ = {
			isa = PBXFrameworksBuildPhase;
			buildActionMask = 2147483647;
			files = (
			);
			runOnlyForDeploymentPostprocessing = 0;
		};
/* End PBXFrameworksBuildPhase section */

/* Begin PBXGroup section */
		CB48515A2315B678001C3F52 = {
			isa = PBXGroup;
			children = (
				CB4851652315B678001C3F52 /* JSONLab */,
				CB48517A2315B67B001C3F52 /* JSONLabTests */,
				CB4851852315B67B001C3F52 /* JSONLabUITests */,
				CB4851642315B678001C3F52 /* Products */,
			);
			sourceTree = "<group>";
		};
		CB4851642315B678001C3F52 /* Products */ = {
			isa = PBXGroup;
			children = (
				CB4851632315B678001C3F52 /* JSONLab.app */,
				CB4851772315B67B001C3F52 /* JSONLabTests.xctest */,
				CB4851822315B67B001C3F52 /* JSONLabUITests.xctest */,
			);
			name = Products;
			sourceTree = "<group>";
		};
		CB4851652315B678001C3F52 /* JSONLab */ = {
			isa = PBXGroup;
			children = (
				CB4851662315B678001C3F52 /* AppDelegate.swift */,
				CB4851682315B678001C3F52 /* ViewController.swift */,
				CB48516A2315B678001C3F52 /* Main.storyboard */,
				CB48516D2315B67B001C3F52 /* Assets.xcassets */,
				CB48516F2315B67B001C3F52 /* LaunchScreen.storyboard */,
				CB4851722315B67B001C3F52 /* Info.plist */,
			);
			path = JSONLab;
			sourceTree = "<group>";
		};
		CB48517A2315B67B001C3F52 /* JSONLabTests */ = {
			isa = PBXGroup;
			children = (
				CB48517B2315B67B001C3F52 /* JSONLabTests.swift */,
				CB48517D2315B67B001C3F52 /* Info.plist */,
			);
			path = JSONLabTests;
			sourceTree = "<group>";
		};
		CB4851852315B67B001C3F52 /* JSONLabUITests */ = {
			isa = PBXGroup;
			children = (
				CB4851862315B67B001C3F52 /* JSONLabUITests.swift */,
				CB4851882315B67B001C3F52 /* Info.plist */,
			);
			path = JSONLabUITests;
			sourceTree = "<group>";
		};
/* End PBXGroup section */

/* Begin PBXNativeTarget section */
		CB4851622315B678001C3F52 /* JSONLab */ = {
			isa = PBXNativeTarget;
			buildConfigurationList = CB48518B2315B67B001C3F52 /* Build configuration list for PBXNativeTarget "JSONLab" */;
			buildPhases = (
				CB48515F2315B678001C3F52 /* Sources */,
				CB4851602315B678001C3F52 /* Frameworks */,
				CB4851612315B678001C3F52 /* Resources */,
			);
			buildRules = (
			);
			dependencies = (
			);
			name = JSONLab;
			productName = JSONLab;
			productReference = CB4851632315B678001C3F52 /* JSONLab.app */;
			productType = "com.apple.product-type.application";
		};
		CB4851762315B67B001C3F52 /* JSONLabTests */ = {
			isa = PBXNativeTarget;
			buildConfigurationList = CB48518E2315B67B001C3F52 /* Build configuration list for PBXNativeTarget "JSONLabTests" */;
			buildPhases = (
				CB4851732315B67B001C3F52 /* Sources */,
				CB4851742315B67B001C3F52 /* Frameworks */,
				CB4851752315B67B001C3F52 /* Resources */,
			);
			buildRules = (
			);
			dependencies = (
				CB4851792315B67B001C3F52 /* PBXTargetDependency */,
			);
			name = JSONLabTests;
			productName = JSONLabTests;
			productReference = CB4851772315B67B001C3F52 /* JSONLabTests.xctest */;
			productType = "com.apple.product-type.bundle.unit-test";
		};
		CB4851812315B67B001C3F52 /* JSONLabUITests */ = {
			isa = PBXNativeTarget;
			buildConfigurationList = CB4851912315B67B001C3F52 /* Build configuration list for PBXNativeTarget "JSONLabUITests" */;
			buildPhases = (
				CB48517E2315B67B001C3F52 /* Sources */,
				CB48517F2315B67B001C3F52 /* Frameworks */,
				CB4851802315B67B001C3F52 /* Resources */,
			);
			buildRules = (
			);
			dependencies = (
				CB4851842315B67B001C3F52 /* PBXTargetDependency */,
			);
			name = JSONLabUITests;
			productName = JSONLabUITests;
			productReference = CB4851822315B67B001C3F52 /* JSONLabUITests.xctest */;
			productType = "com.apple.product-type.bundle.ui-testing";
		};
/* End PBXNativeTarget section */

/* Begin PBXProject section */
		CB48515B2315B678001C3F52 /* Project object */ = {
			isa = PBXProject;
			attributes = {
				LastSwiftUpdateCheck = 1020;
				LastUpgradeCheck = 1020;
				ORGANIZATIONNAME = God;
				TargetAttributes = {
					CB4851622315B678001C3F52 = {
						CreatedOnToolsVersion = 10.2.1;
					};
					CB4851762315B67B001C3F52 = {
						CreatedOnToolsVersion = 10.2.1;
						TestTargetID = CB4851622315B678001C3F52;
					};
					CB4851812315B67B001C3F52 = {
						CreatedOnToolsVersion = 10.2.1;
						TestTargetID = CB4851622315B678001C3F52;
					};
				};
			};
			buildConfigurationList = CB48515E2315B678001C3F52 /* Build configuration list for PBXProject "JSONLab" */;
			compatibilityVersion = "Xcode 9.3";
			developmentRegion = en;
			hasScannedForEncodings = 0;
			knownRegions = (
				en,
				Base,
			);
			mainGroup = CB48515A2315B678001C3F52;
			productRefGroup = CB4851642315B678001C3F52 /* Products */;
			projectDirPath = "";
			projectRoot = "";
			targets = (
				CB4851622315B678001C3F52 /* JSONLab */,
				CB4851762315B67B001C3F52 /* JSONLabTests */,
				CB4851812315B67B001C3F52 /* JSONLabUITests */,
			);
		};
/* End PBXProject section */

/* Begin PBXResourcesBuildPhase section */
		CB4851612315B678001C3F52 /* Resources */ = {
			isa = PBXResourcesBuildPhase;
			buildActionMask = 2147483647;
			files = (
				CB4851712315B67B001C3F52 /* LaunchScreen.storyboard in Resources */,
				CB48516E2315B67B001C3F52 /* Assets.xcassets in Resources */,
				CB48516C2315B678001C3F52 /* Main.storyboard in Resources */,
			);
			runOnlyForDeploymentPostprocessing = 0;
		};
		CB4851752315B67B001C3F52 /* Resources */ = {
			isa = PBXResourcesBuildPhase;
			buildActionMask = 2147483647;
			files = (
			);
			runOnlyForDeploymentPostprocessing = 0;
		};
		CB4851802315B67B001C3F52 /* Resources */ = {
			isa = PBXResourcesBuildPhase;
			buildActionMask = 2147483647;
			files = (
			);
			runOnlyForDeploymentPostprocessing = 0;
		};
/* End PBXResourcesBuildPhase section */

/* Begin PBXSourcesBuildPhase section */
		CB48515F2315B678001C3F52 /* Sources */ = {
			isa = PBXSourcesBuildPhase;
			buildActionMask = 2147483647;
			files = (
				CB4851692315B678001C3F52 /* ViewController.swift in Sources */,
				CB4851672315B678001C3F52 /* AppDelegate.swift in Sources */,
			);
			runOnlyForDeploymentPostprocessing = 0;
		};
		CB4851732315B67B001C3F52 /* Sources */ = {
			isa = PBXSourcesBuildPhase;
			buildActionMask = 2147483647;
			files = (
				CB48517C2315B67B001C3F52 /* JSONLabTests.swift in Sources */,
			);
			runOnlyForDeploymentPostprocessing = 0;
		};
		CB48517E2315B67B001C3F52 /* Sources */ = {
			isa = PBXSourcesBuildPhase;
			buildActionMask = 2147483647;
			files = (
				CB4851872315B67B001C3F52 /* JSONLabUITests.swift in Sources */,
			);
			runOnlyForDeploymentPostprocessing = 0;
		};
/* End PBXSourcesBuildPhase section */

/* Begin PBXTargetDependency section */
		CB4851792315B67B001C3F52 /* PBXTargetDependency */ = {
			isa = PBXTargetDependency;
			target = CB4851622315B678001C3F52 /* JSONLab */;
			targetProxy = CB4851782315B67B001C3F52 /* PBXContainerItemProxy */;
		};
		CB4851842315B67B001C3F52 /* PBXTargetDependency */ = {
			isa = PBXTargetDependency;
			target = CB4851622315B678001C3F52 /* JSONLab */;
			targetProxy = CB4851832315B67B001C3F52 /* PBXContainerItemProxy */;
		};
/* End PBXTargetDependency section */

/* Begin PBXVariantGroup section */
		CB48516A2315B678001C3F52 /* Main.storyboard */ = {
			isa = PBXVariantGroup;
			children = (
				CB48516B2315B678001C3F52 /* Base */,
			);
			name = Main.storyboard;
			sourceTree = "<group>";
		};
		CB48516F2315B67B001C3F52 /* LaunchScreen.storyboard */ = {
			isa = PBXVariantGroup;
			children = (
				CB4851702315B67B001C3F52 /* Base */,
			);
			name = LaunchScreen.storyboard;
			sourceTree = "<group>";
		};
/* End PBXVariantGroup section */

/* Begin XCBuildConfiguration section */
		CB4851892315B67B001C3F52 /* Debug */ = {
			isa = XCBuildConfiguration;
			buildSettings = {
				ALWAYS_SEARCH_USER_PATHS = NO;
				CLANG_ANALYZER_NONNULL = YES;
				CLANG_ANALYZER_NUMBER_OBJECT_CONVERSION = YES_AGGRESSIVE;
				CLANG_CXX_LANGUAGE_STANDARD = "gnu++14";
				CLANG_CXX_LIBRARY = "libc++";
				CLANG_ENABLE_MODULES = YES;
				CLANG_ENABLE_OBJC_ARC = YES;
				CLANG_ENABLE_OBJC_WEAK = YES;
				CLANG_WARN_BLOCK_CAPTURE_AUTORELEASING = YES;
				CLANG_WARN_BOOL_CONVERSION = YES;
				CLANG_WARN_COMMA = YES;
				CLANG_WARN_CONSTANT_CONVERSION = YES;
				CLANG_WARN_DEPRECATED_OBJC_IMPLEMENTATIONS = YES;
				CLANG_WARN_DIRECT_OBJC_ISA_USAGE = YES_ERROR;
				CLANG_WARN_DOCUMENTATION_COMMENTS = YES;
				CLANG_WARN_EMPTY_BODY = YES;
				CLANG_WARN_ENUM_CONVERSION = YES;
				CLANG_WARN_INFINITE_RECURSION = YES;
				CLANG_WARN_INT_CONVERSION = YES;
				CLANG_WARN_NON_LITERAL_NULL_CONVERSION = YES;
				CLANG_WARN_OBJC_IMPLICIT_RETAIN_SELF = YES;
				CLANG_WARN_OBJC_LITERAL_CONVERSION = YES;
				CLANG_WARN_OBJC_ROOT_CLASS = YES_ERROR;
				CLANG_WARN_RANGE_LOOP_ANALYSIS = YES;
				CLANG_WARN_STRICT_PROTOTYPES = YES;
				CLANG_WARN_SUSPICIOUS_MOVE = YES;
				CLANG_WARN_UNGUARDED_AVAILABILITY = YES_AGGRESSIVE;
				CLANG_WARN_UNREACHABLE_CODE = YES;
				CLANG_WARN__DUPLICATE_METHOD_MATCH = YES;
				CODE_SIGN_IDENTITY = "iPhone Developer";
				COPY_PHASE_STRIP = NO;
				DEBUG_INFORMATION_FORMAT = dwarf;
				ENABLE_STRICT_OBJC_MSGSEND = YES;
				ENABLE_TESTABILITY = YES;
				GCC_C_LANGUAGE_STANDARD = gnu11;
				GCC_DYNAMIC_NO_PIC = NO;
				GCC_NO_COMMON_BLOCKS = YES;
				GCC_OPTIMIZATION_LEVEL = 0;
				GCC_PREPROCESSOR_DEFINITIONS = (
					"DEBUG=1",
					"$(inherited)",
				);
				GCC_WARN_64_TO_32_BIT_CONVERSION = YES;
				GCC_WARN_ABOUT_RETURN_TYPE = YES_ERROR;
				GCC_WARN_UNDECLARED_SELECTOR = YES;
				GCC_WARN_UNINITIALIZED_AUTOS = YES_AGGRESSIVE;
				GCC_WARN_UNUSED_FUNCTION = YES;
				GCC_WARN_UNUSED_VARIABLE = YES;
				IPHONEOS_DEPLOYMENT_TARGET = 12.2;
				MTL_ENABLE_DEBUG_INFO = INCLUDE_SOURCE;
				MTL_FAST_MATH = YES;
				ONLY_ACTIVE_ARCH = YES;
				SDKROOT = iphoneos;
				SWIFT_ACTIVE_COMPILATION_CONDITIONS = DEBUG;
				SWIFT_OPTIMIZATION_LEVEL = "-Onone";
			};
			name = Debug;
		};
		CB48518A2315B67B001C3F52 /* Release */ = {
			isa = XCBuildConfiguration;
			buildSettings = {
				ALWAYS_SEARCH_USER_PATHS = NO;
				CLANG_ANALYZER_NONNULL = YES;
				CLANG_ANALYZER_NUMBER_OBJECT_CONVERSION = YES_AGGRESSIVE;
				CLANG_CXX_LANGUAGE_STANDARD = "gnu++14";
				CLANG_CXX_LIBRARY = "libc++";
				CLANG_ENABLE_MODULES = YES;
				CLANG_ENABLE_OBJC_ARC = YES;
				CLANG_ENABLE_OBJC_WEAK = YES;
				CLANG_WARN_BLOCK_CAPTURE_AUTORELEASING = YES;
				CLANG_WARN_BOOL_CONVERSION = YES;
				CLANG_WARN_COMMA = YES;
				CLANG_WARN_CONSTANT_CONVERSION = YES;
				CLANG_WARN_DEPRECATED_OBJC_IMPLEMENTATIONS = YES;
				CLANG_WARN_DIRECT_OBJC_ISA_USAGE = YES_ERROR;
				CLANG_WARN_DOCUMENTATION_COMMENTS = YES;
				CLANG_WARN_EMPTY_BODY = YES;
				CLANG_WARN_ENUM_CONVERSION = YES;
				CLANG_WARN_INFINITE_RECURSION = YES;
				CLANG_WARN_INT_CONVERSION = YES;
				CLANG_WARN_NON_LITERAL_NULL_CONVERSION = YES;
				CLANG_WARN_OBJC_IMPLICIT_RETAIN_SELF = YES;
				CLANG_WARN_OBJC_LITERAL_CONVERSION = YES;
				CLANG_WARN_OBJC_ROOT_CLASS = YES_ERROR;
				CLANG_WARN_RANGE_LOOP_ANALYSIS = YES;
				CLANG_WARN_STRICT_PROTOTYPES = YES;
				CLANG_WARN_SUSPICIOUS_MOVE = YES;
				CLANG_WARN_UNGUARDED_AVAILABILITY = YES_AGGRESSIVE;
				CLANG_WARN_UNREACHABLE_CODE = YES;
				CLANG_WARN__DUPLICATE_METHOD_MATCH = YES;
				CODE_SIGN_IDENTITY = "iPhone Developer";
				COPY_PHASE_STRIP = NO;
				DEBUG_INFORMATION_FORMAT = "dwarf-with-dsym";
				ENABLE_NS_ASSERTIONS = NO;
				ENABLE_STRICT_OBJC_MSGSEND = YES;
				GCC_C_LANGUAGE_STANDARD = gnu11;
				GCC_NO_COMMON_BLOCKS = YES;
				GCC_WARN_64_TO_32_BIT_CONVERSION = YES;
				GCC_WARN_ABOUT_RETURN_TYPE = YES_ERROR;
				GCC_WARN_UNDECLARED_SELECTOR = YES;
				GCC_WARN_UNINITIALIZED_AUTOS = YES_AGGRESSIVE;
				GCC_WARN_UNUSED_FUNCTION = YES;
				GCC_WARN_UNUSED_VARIABLE = YES;
				IPHONEOS_DEPLOYMENT_TARGET = 12.2;
				MTL_ENABLE_DEBUG_INFO = NO;
				MTL_FAST_MATH = YES;
				SDKROOT = iphoneos;
				SWIFT_COMPILATION_MODE = wholemodule;
				SWIFT_OPTIMIZATION_LEVEL = "-O";
				VALIDATE_PRODUCT = YES;
			};
			name = Release;
		};
		CB48518C2315B67B001C3F52 /* Debug */ = {
			isa = XCBuildConfiguration;
			buildSettings = {
				ASSETCATALOG_COMPILER_APPICON_NAME = AppIcon;
				CODE_SIGN_STYLE = Automatic;
				INFOPLIST_FILE = JSONLab/Info.plist;
				LD_RUNPATH_SEARCH_PATHS = (
					"$(inherited)",
					"@executable_path/Frameworks",
				);
				PRODUCT_BUNDLE_IDENTIFIER = "The-Best-Programmer-Ever.JSONLab";
				PRODUCT_NAME = "$(TARGET_NAME)";
				SWIFT_VERSION = 5.0;
				TARGETED_DEVICE_FAMILY = "1,2";
			};
			name = Debug;
		};
		CB48518D2315B67B001C3F52 /* Release */ = {
			isa = XCBuildConfiguration;
			buildSettings = {
				ASSETCATALOG_COMPILER_APPICON_NAME = AppIcon;
				CODE_SIGN_STYLE = Automatic;
				INFOPLIST_FILE = JSONLab/Info.plist;
				LD_RUNPATH_SEARCH_PATHS = (
					"$(inherited)",
					"@executable_path/Frameworks",
				);
				PRODUCT_BUNDLE_IDENTIFIER = "The-Best-Programmer-Ever.JSONLab";
				PRODUCT_NAME = "$(TARGET_NAME)";
				SWIFT_VERSION = 5.0;
				TARGETED_DEVICE_FAMILY = "1,2";
			};
			name = Release;
		};
		CB48518F2315B67B001C3F52 /* Debug */ = {
			isa = XCBuildConfiguration;
			buildSettings = {
				ALWAYS_EMBED_SWIFT_STANDARD_LIBRARIES = YES;
				BUNDLE_LOADER = "$(TEST_HOST)";
				CODE_SIGN_STYLE = Automatic;
				INFOPLIST_FILE = JSONLabTests/Info.plist;
				LD_RUNPATH_SEARCH_PATHS = (
					"$(inherited)",
					"@executable_path/Frameworks",
					"@loader_path/Frameworks",
				);
				PRODUCT_BUNDLE_IDENTIFIER = "The-Best-Programmer-Ever.JSONLabTests";
				PRODUCT_NAME = "$(TARGET_NAME)";
				SWIFT_VERSION = 5.0;
				TARGETED_DEVICE_FAMILY = "1,2";
				TEST_HOST = "$(BUILT_PRODUCTS_DIR)/JSONLab.app/JSONLab";
			};
			name = Debug;
		};
		CB4851902315B67B001C3F52 /* Release */ = {
			isa = XCBuildConfiguration;
			buildSettings = {
				ALWAYS_EMBED_SWIFT_STANDARD_LIBRARIES = YES;
				BUNDLE_LOADER = "$(TEST_HOST)";
				CODE_SIGN_STYLE = Automatic;
				INFOPLIST_FILE = JSONLabTests/Info.plist;
				LD_RUNPATH_SEARCH_PATHS = (
					"$(inherited)",
					"@executable_path/Frameworks",
					"@loader_path/Frameworks",
				);
				PRODUCT_BUNDLE_IDENTIFIER = "The-Best-Programmer-Ever.JSONLabTests";
				PRODUCT_NAME = "$(TARGET_NAME)";
				SWIFT_VERSION = 5.0;
				TARGETED_DEVICE_FAMILY = "1,2";
				TEST_HOST = "$(BUILT_PRODUCTS_DIR)/JSONLab.app/JSONLab";
			};
			name = Release;
		};
		CB4851922315B67B001C3F52 /* Debug */ = {
			isa = XCBuildConfiguration;
			buildSettings = {
				ALWAYS_EMBED_SWIFT_STANDARD_LIBRARIES = YES;
				CODE_SIGN_STYLE = Automatic;
				INFOPLIST_FILE = JSONLabUITests/Info.plist;
				LD_RUNPATH_SEARCH_PATHS = (
					"$(inherited)",
					"@executable_path/Frameworks",
					"@loader_path/Frameworks",
				);
				PRODUCT_BUNDLE_IDENTIFIER = "The-Best-Programmer-Ever.JSONLabUITests";
				PRODUCT_NAME = "$(TARGET_NAME)";
				SWIFT_VERSION = 5.0;
				TARGETED_DEVICE_FAMILY = "1,2";
				TEST_TARGET_NAME = JSONLab;
			};
			name = Debug;
		};
		CB4851932315B67B001C3F52 /* Release */ = {
			isa = XCBuildConfiguration;
			buildSettings = {
				ALWAYS_EMBED_SWIFT_STANDARD_LIBRARIES = YES;
				CODE_SIGN_STYLE = Automatic;
				INFOPLIST_FILE = JSONLabUITests/Info.plist;
				LD_RUNPATH_SEARCH_PATHS = (
					"$(inherited)",
					"@executable_path/Frameworks",
					"@loader_path/Frameworks",
				);
				PRODUCT_BUNDLE_IDENTIFIER = "The-Best-Programmer-Ever.JSONLabUITests";
				PRODUCT_NAME = "$(TARGET_NAME)";
				SWIFT_VERSION = 5.0;
				TARGETED_DEVICE_FAMILY = "1,2";
				TEST_TARGET_NAME = JSONLab;
			};
			name = Release;
		};
/* End XCBuildConfiguration section */

/* Begin XCConfigurationList section */
		CB48515E2315B678001C3F52 /* Build configuration list for PBXProject "JSONLab" */ = {
			isa = XCConfigurationList;
			buildConfigurations = (
				CB4851892315B67B001C3F52 /* Debug */,
				CB48518A2315B67B001C3F52 /* Release */,
			);
			defaultConfigurationIsVisible = 0;
			defaultConfigurationName = Release;
		};
		CB48518B2315B67B001C3F52 /* Build configuration list for PBXNativeTarget "JSONLab" */ = {
			isa = XCConfigurationList;
			buildConfigurations = (
				CB48518C2315B67B001C3F52 /* Debug */,
				CB48518D2315B67B001C3F52 /* Release */,
			);
			defaultConfigurationIsVisible = 0;
			defaultConfigurationName = Release;
		};
		CB48518E2315B67B001C3F52 /* Build configuration list for PBXNativeTarget "JSONLabTests" */ = {
			isa = XCConfigurationList;
			buildConfigurations = (
				CB48518F2315B67B001C3F52 /* Debug */,
				CB4851902315B67B001C3F52 /* Release */,
			);
			defaultConfigurationIsVisible = 0;
			defaultConfigurationName = Release;
		};
		CB4851912315B67B001C3F52 /* Build configuration list for PBXNativeTarget "JSONLabUITests" */ = {
			isa = XCConfigurationList;
			buildConfigurations = (
				CB4851922315B67B001C3F52 /* Debug */,
				CB4851932315B67B001C3F52 /* Release */,
			);
			defaultConfigurationIsVisible = 0;
			defaultConfigurationName = Release;
		};
/* End XCConfigurationList section */
	};
	rootObject = CB48515B2315B678001C3F52 /* Project object */;
}
